
Microsoft Visual Studio Solution File, Format Version 12.00
# Visual Studio Version 17
VisualStudioVersion = 17.1.32414.318
MinimumVisualStudioVersion = 10.0.40219.1
Project("{9A19103F-16F7-4668-BE54-9A1E7A4F7556}") = "UserService", "UserService\UserService.csproj", "{18DA9958-FE4E-40CA-B45B-3702668DFDED}"
EndProject
Project("{FAE04EC0-301F-11D3-BF4B-00C04F79EFBC}") = "GoodsService", "GoodsService\GoodsService.csproj", "{6F136F26-8159-4174-9D62-9BFD59D96C15}"
EndProject
Project("{FAE04EC0-301F-11D3-BF4B-00C04F79EFBC}") = "OrderService", "OrderService\OrderService.csproj", "{769B157E-CA2A-4F00-8D3E-980CD2D4528F}"
EndProject
Global
	GlobalSection(SolutionConfigurationPlatforms) = preSolution
		Debug|Any CPU = Debug|Any CPU
		Release|Any CPU = Release|Any CPU
	EndGlobalSection
	GlobalSection(ProjectConfigurationPlatforms) = postSolution
		{18DA9958-FE4E-40CA-B45B-3702668DFDED}.Debug|Any CPU.ActiveCfg = Debug|Any CPU
		{18DA9958-FE4E-40CA-B45B-3702668DFDED}.Debug|Any CPU.Build.0 = Debug|Any CPU
		{18DA9958-FE4E-40CA-B45B-3702668DFDED}.Release|Any CPU.ActiveCfg = Release|Any CPU
		{18DA9958-FE4E-40CA-B45B-3702668DFDED}.Release|Any CPU.Build.0 = Release|Any CPU
		{6F136F26-8159-4174-9D62-9BFD59D96C15}.Debug|Any CPU.ActiveCfg = Debug|Any CPU
		{6F136F26-8159-4174-9D62-9BFD59D96C15}.Debug|Any CPU.Build.0 = Debug|Any CPU
		{6F136F26-8159-4174-9D62-9BFD59D96C15}.Release|Any CPU.ActiveCfg = Release|Any CPU
		{6F136F26-8159-4174-9D62-9BFD59D96C15}.Release|Any CPU.Build.0 = Release|Any CPU
		{769B157E-CA2A-4F00-8D3E-980CD2D4528F}.Debug|Any CPU.ActiveCfg = Debug|Any CPU
		{769B157E-CA2A-4F00-8D3E-980CD2D4528F}.Debug|Any CPU.Build.0 = Debug|Any CPU
		{769B157E-CA2A-4F00-8D3E-980CD2D4528F}.Release|Any CPU.ActiveCfg = Release|Any CPU
		{769B157E-CA2A-4F00-8D3E-980CD2D4528F}.Release|Any CPU.Build.0 = Release|Any CPU
	EndGlobalSection
	GlobalSection(SolutionProperties) = preSolution
		HideSolutionNode = FALSE
	EndGlobalSection
	GlobalSection(ExtensibilityGlobals) = postSolution
		SolutionGuid = {9D8F497F-7EEB-464D-89ED-B7732B159F10}
	EndGlobalSection
EndGlobal
